
Microsoft Visual Studio Solution File, Format Version 12.00
# Visual Studio 15
Project("{D954291E-2A0B-460D-934E-DC6B0785DB48}") = "ShootingGallery", "ShootingGallery\ShootingGallery.shproj", "{A0CDBD0E-3A41-42B7-9425-A838BC2C7383}"
EndProject
Project("{FAE04EC0-301F-11D3-BF4B-00C04F79EFBC}") = "ShootingGallery.MacOS.MacOS", "ShootingGallery.MacOS\ShootingGallery.MacOS.MacOS.csproj", "{3A23AA06-840E-4419-9CA5-6CA6A633EB1F}"
EndProject
Project("{FAE04EC0-301F-11D3-BF4B-00C04F79EFBC}") = "ShootingGallery.Linux.Desktop", "ShootingGallery.Linux\ShootingGallery.Linux.Desktop.csproj", "{905B6B3B-33B1-49FB-B691-AE30F88CB4F5}"
EndProject
Global
	GlobalSection(SolutionConfigurationPlatforms) = preSolution
		Debug|x86 = Debug|x86
		Release|x86 = Release|x86
		Debug|AnyCPU = Debug|AnyCPU
		Release|AnyCPU = Release|AnyCPU
	EndGlobalSection
	GlobalSection(ProjectConfigurationPlatforms) = postSolution
		{3A23AA06-840E-4419-9CA5-6CA6A633EB1F}.Debug|x86.ActiveCfg = Debug|x86
		{3A23AA06-840E-4419-9CA5-6CA6A633EB1F}.Debug|x86.Build.0 = Debug|x86
		{3A23AA06-840E-4419-9CA5-6CA6A633EB1F}.Release|x86.ActiveCfg = Release|x86
		{3A23AA06-840E-4419-9CA5-6CA6A633EB1F}.Release|x86.Build.0 = Release|x86
		{3A23AA06-840E-4419-9CA5-6CA6A633EB1F}.Debug|AnyCPU.ActiveCfg = Debug|x86
		{3A23AA06-840E-4419-9CA5-6CA6A633EB1F}.Debug|AnyCPU.Build.0 = Debug|x86
		{3A23AA06-840E-4419-9CA5-6CA6A633EB1F}.Release|AnyCPU.ActiveCfg = Release|x86
		{3A23AA06-840E-4419-9CA5-6CA6A633EB1F}.Release|AnyCPU.Build.0 = Release|x86
		{905B6B3B-33B1-49FB-B691-AE30F88CB4F5}.Debug|x86.ActiveCfg = Debug|AnyCPU
		{905B6B3B-33B1-49FB-B691-AE30F88CB4F5}.Debug|x86.Build.0 = Debug|AnyCPU
		{905B6B3B-33B1-49FB-B691-AE30F88CB4F5}.Release|x86.ActiveCfg = Release|AnyCPU
		{905B6B3B-33B1-49FB-B691-AE30F88CB4F5}.Release|x86.Build.0 = Release|AnyCPU
		{905B6B3B-33B1-49FB-B691-AE30F88CB4F5}.Debug|AnyCPU.ActiveCfg = Debug|AnyCPU
		{905B6B3B-33B1-49FB-B691-AE30F88CB4F5}.Debug|AnyCPU.Build.0 = Debug|AnyCPU
		{905B6B3B-33B1-49FB-B691-AE30F88CB4F5}.Release|AnyCPU.ActiveCfg = Release|AnyCPU
		{905B6B3B-33B1-49FB-B691-AE30F88CB4F5}.Release|AnyCPU.Build.0 = Release|AnyCPU
	EndGlobalSection
EndGlobal
