
Microsoft Visual Studio Solution File, Format Version 12.00
# Visual Studio 15
Project("{FAE04EC0-301F-11D3-BF4B-00C04F79EFBC}") = "ShootingGallery", "ShootingGallery\ShootingGallery.csproj", "{459143A5-9DA4-4CA8-A0C9-A9E9226F4861}"
EndProject
Project("{FAE04EC0-301F-11D3-BF4B-00C04F79EFBC}") = "ShootingGallery.MacOS.MacOS", "ShootingGallery.MacOS\ShootingGallery.MacOS.MacOS.csproj", "{3A23AA06-840E-4419-9CA5-6CA6A633EB1F}"
EndProject
Global
	GlobalSection(SolutionConfigurationPlatforms) = preSolution
		Debug|x86 = Debug|x86
		Release|x86 = Release|x86
		Debug|AnyCPU = Debug|AnyCPU
		Release|AnyCPU = Release|AnyCPU
	EndGlobalSection
	GlobalSection(ProjectConfigurationPlatforms) = postSolution
		{459143A5-9DA4-4CA8-A0C9-A9E9226F4861}.Debug|x86.ActiveCfg = Debug|Any CPU
		{459143A5-9DA4-4CA8-A0C9-A9E9226F4861}.Debug|x86.Build.0 = Debug|Any CPU
		{459143A5-9DA4-4CA8-A0C9-A9E9226F4861}.Release|x86.ActiveCfg = Release|Any CPU
		{459143A5-9DA4-4CA8-A0C9-A9E9226F4861}.Release|x86.Build.0 = Release|Any CPU
		{459143A5-9DA4-4CA8-A0C9-A9E9226F4861}.Debug|AnyCPU.ActiveCfg = Debug|Any CPU
		{459143A5-9DA4-4CA8-A0C9-A9E9226F4861}.Debug|AnyCPU.Build.0 = Debug|Any CPU
		{459143A5-9DA4-4CA8-A0C9-A9E9226F4861}.Release|AnyCPU.ActiveCfg = Release|Any CPU
		{459143A5-9DA4-4CA8-A0C9-A9E9226F4861}.Release|AnyCPU.Build.0 = Release|Any CPU
		{3A23AA06-840E-4419-9CA5-6CA6A633EB1F}.Debug|x86.ActiveCfg = Debug|x86
		{3A23AA06-840E-4419-9CA5-6CA6A633EB1F}.Debug|x86.Build.0 = Debug|x86
		{3A23AA06-840E-4419-9CA5-6CA6A633EB1F}.Release|x86.ActiveCfg = Release|x86
		{3A23AA06-840E-4419-9CA5-6CA6A633EB1F}.Release|x86.Build.0 = Release|x86
		{3A23AA06-840E-4419-9CA5-6CA6A633EB1F}.Debug|AnyCPU.ActiveCfg = Debug|x86
		{3A23AA06-840E-4419-9CA5-6CA6A633EB1F}.Debug|AnyCPU.Build.0 = Debug|x86
		{3A23AA06-840E-4419-9CA5-6CA6A633EB1F}.Release|AnyCPU.ActiveCfg = Release|x86
		{3A23AA06-840E-4419-9CA5-6CA6A633EB1F}.Release|AnyCPU.Build.0 = Release|x86
	EndGlobalSection
EndGlobal
